
Microsoft Visual Studio Solution File, Format Version 12.00
# Visual Studio Version 17
VisualStudioVersion = 17.10.35027.167
MinimumVisualStudioVersion = 10.0.40219.1
Project("{FAE04EC0-301F-11D3-BF4B-00C04F79EFBC}") = "Lib2DConsole", "QTest\Lib2DConsole.csproj", "{D0E04970-B8D8-49D2-B122-2D35C8A48594}"
EndProject
Project("{FAE04EC0-301F-11D3-BF4B-00C04F79EFBC}") = "Lib2D", "Lib2D\Lib2D.csproj", "{2F6026A0-3A54-451F-BE99-36A11190232C}"
EndProject
Project("{FAE04EC0-301F-11D3-BF4B-00C04F79EFBC}") = "Lib2DTests", "Lib2DTests\Lib2DTests.csproj", "{4C5E7880-BEF8-4F57-B392-D4506FC4C1AF}"
EndProject
Project("{FAE04EC0-301F-11D3-BF4B-00C04F79EFBC}") = "Lib2DWPF", "Lib2DWPF\Lib2DWPF.csproj", "{E1AC1092-8967-4985-8267-D1E89FBEB42D}"
EndProject
Global
	GlobalSection(SolutionConfigurationPlatforms) = preSolution
		Debug|Any CPU = Debug|Any CPU
		Release|Any CPU = Release|Any CPU
	EndGlobalSection
	GlobalSection(ProjectConfigurationPlatforms) = postSolution
		{D0E04970-B8D8-49D2-B122-2D35C8A48594}.Debug|Any CPU.ActiveCfg = Debug|Any CPU
		{D0E04970-B8D8-49D2-B122-2D35C8A48594}.Debug|Any CPU.Build.0 = Debug|Any CPU
		{D0E04970-B8D8-49D2-B122-2D35C8A48594}.Release|Any CPU.ActiveCfg = Release|Any CPU
		{D0E04970-B8D8-49D2-B122-2D35C8A48594}.Release|Any CPU.Build.0 = Release|Any CPU
		{2F6026A0-3A54-451F-BE99-36A11190232C}.Debug|Any CPU.ActiveCfg = Debug|Any CPU
		{2F6026A0-3A54-451F-BE99-36A11190232C}.Debug|Any CPU.Build.0 = Debug|Any CPU
		{2F6026A0-3A54-451F-BE99-36A11190232C}.Release|Any CPU.ActiveCfg = Release|Any CPU
		{2F6026A0-3A54-451F-BE99-36A11190232C}.Release|Any CPU.Build.0 = Release|Any CPU
		{4C5E7880-BEF8-4F57-B392-D4506FC4C1AF}.Debug|Any CPU.ActiveCfg = Debug|Any CPU
		{4C5E7880-BEF8-4F57-B392-D4506FC4C1AF}.Debug|Any CPU.Build.0 = Debug|Any CPU
		{4C5E7880-BEF8-4F57-B392-D4506FC4C1AF}.Release|Any CPU.ActiveCfg = Release|Any CPU
		{4C5E7880-BEF8-4F57-B392-D4506FC4C1AF}.Release|Any CPU.Build.0 = Release|Any CPU
		{E1AC1092-8967-4985-8267-D1E89FBEB42D}.Debug|Any CPU.ActiveCfg = Debug|Any CPU
		{E1AC1092-8967-4985-8267-D1E89FBEB42D}.Debug|Any CPU.Build.0 = Debug|Any CPU
		{E1AC1092-8967-4985-8267-D1E89FBEB42D}.Release|Any CPU.ActiveCfg = Release|Any CPU
		{E1AC1092-8967-4985-8267-D1E89FBEB42D}.Release|Any CPU.Build.0 = Release|Any CPU
	EndGlobalSection
	GlobalSection(SolutionProperties) = preSolution
		HideSolutionNode = FALSE
	EndGlobalSection
	GlobalSection(ExtensibilityGlobals) = postSolution
		SolutionGuid = {9E1FA09C-582B-416D-A46B-7C82238DD540}
	EndGlobalSection
EndGlobal
